// !$*UTF8*$!
{
	archiveVersion = 1;
	classes = {
	};
	objectVersion = 48;
	objects = {

/* Begin PBXBuildFile section */
		607641C91F31036700097904 /* AppDelegate.swift in Sources */ = {isa = PBXBuildFile; fileRef = 607641C81F31036700097904 /* AppDelegate.swift */; };
		607641CB1F31036700097904 /* ViewController.swift in Sources */ = {isa = PBXBuildFile; fileRef = 607641CA1F31036700097904 /* ViewController.swift */; };
		607641CE1F31036700097904 /* Main.storyboard in Resources */ = {isa = PBXBuildFile; fileRef = 607641CC1F31036700097904 /* Main.storyboard */; };
		607641D01F31036700097904 /* Assets.xcassets in Resources */ = {isa = PBXBuildFile; fileRef = 607641CF1F31036700097904 /* Assets.xcassets */; };
		607641D31F31036700097904 /* LaunchScreen.storyboard in Resources */ = {isa = PBXBuildFile; fileRef = 607641D11F31036700097904 /* LaunchScreen.storyboard */; };
		607641DE1F31036700097904 /* Vezba_Git_HubTests.swift in Sources */ = {isa = PBXBuildFile; fileRef = 607641DD1F31036700097904 /* Vezba_Git_HubTests.swift */; };
		607641E91F31036700097904 /* Vezba_Git_HubUITests.swift in Sources */ = {isa = PBXBuildFile; fileRef = 607641E81F31036700097904 /* Vezba_Git_HubUITests.swift */; };
/* End PBXBuildFile section */

/* Begin PBXContainerItemProxy section */
		607641DA1F31036700097904 /* PBXContainerItemProxy */ = {
			isa = PBXContainerItemProxy;
			containerPortal = 607641BD1F31036700097904 /* Project object */;
			proxyType = 1;
			remoteGlobalIDString = 607641C41F31036700097904;
			remoteInfo = "Vezba Git Hub";
		};
		607641E51F31036700097904 /* PBXContainerItemProxy */ = {
			isa = PBXContainerItemProxy;
			containerPortal = 607641BD1F31036700097904 /* Project object */;
			proxyType = 1;
			remoteGlobalIDString = 607641C41F31036700097904;
			remoteInfo = "Vezba Git Hub";
		};
/* End PBXContainerItemProxy section */

/* Begin PBXFileReference section */
		607641C51F31036700097904 /* Vezba Git Hub.app */ = {isa = PBXFileReference; explicitFileType = wrapper.application; includeInIndex = 0; path = "Vezba Git Hub.app"; sourceTree = BUILT_PRODUCTS_DIR; };
		607641C81F31036700097904 /* AppDelegate.swift */ = {isa = PBXFileReference; lastKnownFileType = sourcecode.swift; path = AppDelegate.swift; sourceTree = "<group>"; };
		607641CA1F31036700097904 /* ViewController.swift */ = {isa = PBXFileReference; lastKnownFileType = sourcecode.swift; path = ViewController.swift; sourceTree = "<group>"; };
		607641CD1F31036700097904 /* Base */ = {isa = PBXFileReference; lastKnownFileType = file.storyboard; name = Base; path = Base.lproj/Main.storyboard; sourceTree = "<group>"; };
		607641CF1F31036700097904 /* Assets.xcassets */ = {isa = PBXFileReference; lastKnownFileType = folder.assetcatalog; path = Assets.xcassets; sourceTree = "<group>"; };
		607641D21F31036700097904 /* Base */ = {isa = PBXFileReference; lastKnownFileType = file.storyboard; name = Base; path = Base.lproj/LaunchScreen.storyboard; sourceTree = "<group>"; };
		607641D41F31036700097904 /* Info.plist */ = {isa = PBXFileReference; lastKnownFileType = text.plist.xml; path = Info.plist; sourceTree = "<group>"; };
		607641D91F31036700097904 /* Vezba Git HubTests.xctest */ = {isa = PBXFileReference; explicitFileType = wrapper.cfbundle; includeInIndex = 0; path = "Vezba Git HubTests.xctest"; sourceTree = BUILT_PRODUCTS_DIR; };
		607641DD1F31036700097904 /* Vezba_Git_HubTests.swift */ = {isa = PBXFileReference; lastKnownFileType = sourcecode.swift; path = Vezba_Git_HubTests.swift; sourceTree = "<group>"; };
		607641DF1F31036700097904 /* Info.plist */ = {isa = PBXFileReference; lastKnownFileType = text.plist.xml; path = Info.plist; sourceTree = "<group>"; };
		607641E41F31036700097904 /* Vezba Git HubUITests.xctest */ = {isa = PBXFileReference; explicitFileType = wrapper.cfbundle; includeInIndex = 0; path = "Vezba Git HubUITests.xctest"; sourceTree = BUILT_PRODUCTS_DIR; };
		607641E81F31036700097904 /* Vezba_Git_HubUITests.swift */ = {isa = PBXFileReference; lastKnownFileType = sourcecode.swift; path = Vezba_Git_HubUITests.swift; sourceTree = "<group>"; };
		607641EA1F31036700097904 /* Info.plist */ = {isa = PBXFileReference; lastKnownFileType = text.plist.xml; path = Info.plist; sourceTree = "<group>"; };
/* End PBXFileReference section */

/* Begin PBXFrameworksBuildPhase section */
		607641C21F31036700097904 /* Frameworks */ = {
			isa = PBXFrameworksBuildPhase;
			buildActionMask = 2147483647;
			files = (
			);
			runOnlyForDeploymentPostprocessing = 0;
		};
		607641D61F31036700097904 /* Frameworks */ = {
			isa = PBXFrameworksBuildPhase;
			buildActionMask = 2147483647;
			files = (
			);
			runOnlyForDeploymentPostprocessing = 0;
		};
		607641E11F31036700097904 /* Frameworks */ = {
			isa = PBXFrameworksBuildPhase;
			buildActionMask = 2147483647;
			files = (
			);
			runOnlyForDeploymentPostprocessing = 0;
		};
/* End PBXFrameworksBuildPhase section */

/* Begin PBXGroup section */
		607641BC1F31036700097904 = {
			isa = PBXGroup;
			children = (
				607641C71F31036700097904 /* Vezba Git Hub */,
				607641DC1F31036700097904 /* Vezba Git HubTests */,
				607641E71F31036700097904 /* Vezba Git HubUITests */,
				607641C61F31036700097904 /* Products */,
			);
			sourceTree = "<group>";
		};
		607641C61F31036700097904 /* Products */ = {
			isa = PBXGroup;
			children = (
				607641C51F31036700097904 /* Vezba Git Hub.app */,
				607641D91F31036700097904 /* Vezba Git HubTests.xctest */,
				607641E41F31036700097904 /* Vezba Git HubUITests.xctest */,
			);
			name = Products;
			sourceTree = "<group>";
		};
		607641C71F31036700097904 /* Vezba Git Hub */ = {
			isa = PBXGroup;
			children = (
				607641C81F31036700097904 /* AppDelegate.swift */,
				607641CA1F31036700097904 /* ViewController.swift */,
				607641CC1F31036700097904 /* Main.storyboard */,
				607641CF1F31036700097904 /* Assets.xcassets */,
				607641D11F31036700097904 /* LaunchScreen.storyboard */,
				607641D41F31036700097904 /* Info.plist */,
			);
			path = "Vezba Git Hub";
			sourceTree = "<group>";
		};
		607641DC1F31036700097904 /* Vezba Git HubTests */ = {
			isa = PBXGroup;
			children = (
				607641DD1F31036700097904 /* Vezba_Git_HubTests.swift */,
				607641DF1F31036700097904 /* Info.plist */,
			);
			path = "Vezba Git HubTests";
			sourceTree = "<group>";
		};
		607641E71F31036700097904 /* Vezba Git HubUITests */ = {
			isa = PBXGroup;
			children = (
				607641E81F31036700097904 /* Vezba_Git_HubUITests.swift */,
				607641EA1F31036700097904 /* Info.plist */,
			);
			path = "Vezba Git HubUITests";
			sourceTree = "<group>";
		};
/* End PBXGroup section */

/* Begin PBXNativeTarget section */
		607641C41F31036700097904 /* Vezba Git Hub */ = {
			isa = PBXNativeTarget;
			buildConfigurationList = 607641ED1F31036700097904 /* Build configuration list for PBXNativeTarget "Vezba Git Hub" */;
			buildPhases = (
				607641C11F31036700097904 /* Sources */,
				607641C21F31036700097904 /* Frameworks */,
				607641C31F31036700097904 /* Resources */,
			);
			buildRules = (
			);
			dependencies = (
			);
			name = "Vezba Git Hub";
			productName = "Vezba Git Hub";
			productReference = 607641C51F31036700097904 /* Vezba Git Hub.app */;
			productType = "com.apple.product-type.application";
		};
		607641D81F31036700097904 /* Vezba Git HubTests */ = {
			isa = PBXNativeTarget;
			buildConfigurationList = 607641F01F31036700097904 /* Build configuration list for PBXNativeTarget "Vezba Git HubTests" */;
			buildPhases = (
				607641D51F31036700097904 /* Sources */,
				607641D61F31036700097904 /* Frameworks */,
				607641D71F31036700097904 /* Resources */,
			);
			buildRules = (
			);
			dependencies = (
				607641DB1F31036700097904 /* PBXTargetDependency */,
			);
			name = "Vezba Git HubTests";
			productName = "Vezba Git HubTests";
			productReference = 607641D91F31036700097904 /* Vezba Git HubTests.xctest */;
			productType = "com.apple.product-type.bundle.unit-test";
		};
		607641E31F31036700097904 /* Vezba Git HubUITests */ = {
			isa = PBXNativeTarget;
			buildConfigurationList = 607641F31F31036700097904 /* Build configuration list for PBXNativeTarget "Vezba Git HubUITests" */;
			buildPhases = (
				607641E01F31036700097904 /* Sources */,
				607641E11F31036700097904 /* Frameworks */,
				607641E21F31036700097904 /* Resources */,
			);
			buildRules = (
			);
			dependencies = (
				607641E61F31036700097904 /* PBXTargetDependency */,
			);
			name = "Vezba Git HubUITests";
			productName = "Vezba Git HubUITests";
			productReference = 607641E41F31036700097904 /* Vezba Git HubUITests.xctest */;
			productType = "com.apple.product-type.bundle.ui-testing";
		};
/* End PBXNativeTarget section */

/* Begin PBXProject section */
		607641BD1F31036700097904 /* Project object */ = {
			isa = PBXProject;
			attributes = {
				LastSwiftUpdateCheck = 0900;
				LastUpgradeCheck = 0900;
				ORGANIZATIONNAME = AD;
				TargetAttributes = {
					607641C41F31036700097904 = {
						CreatedOnToolsVersion = 9.0;
					};
					607641D81F31036700097904 = {
						CreatedOnToolsVersion = 9.0;
						TestTargetID = 607641C41F31036700097904;
					};
					607641E31F31036700097904 = {
						CreatedOnToolsVersion = 9.0;
						TestTargetID = 607641C41F31036700097904;
					};
				};
			};
			buildConfigurationList = 607641C01F31036700097904 /* Build configuration list for PBXProject "Vezba Git Hub" */;
			compatibilityVersion = "Xcode 8.0";
			developmentRegion = en;
			hasScannedForEncodings = 0;
			knownRegions = (
				en,
				Base,
			);
			mainGroup = 607641BC1F31036700097904;
			productRefGroup = 607641C61F31036700097904 /* Products */;
			projectDirPath = "";
			projectRoot = "";
			targets = (
				607641C41F31036700097904 /* Vezba Git Hub */,
				607641D81F31036700097904 /* Vezba Git HubTests */,
				607641E31F31036700097904 /* Vezba Git HubUITests */,
			);
		};
/* End PBXProject section */

/* Begin PBXResourcesBuildPhase section */
		607641C31F31036700097904 /* Resources */ = {
			isa = PBXResourcesBuildPhase;
			buildActionMask = 2147483647;
			files = (
				607641D31F31036700097904 /* LaunchScreen.storyboard in Resources */,
				607641D01F31036700097904 /* Assets.xcassets in Resources */,
				607641CE1F31036700097904 /* Main.storyboard in Resources */,
			);
			runOnlyForDeploymentPostprocessing = 0;
		};
		607641D71F31036700097904 /* Resources */ = {
			isa = PBXResourcesBuildPhase;
			buildActionMask = 2147483647;
			files = (
			);
			runOnlyForDeploymentPostprocessing = 0;
		};
		607641E21F31036700097904 /* Resources */ = {
			isa = PBXResourcesBuildPhase;
			buildActionMask = 2147483647;
			files = (
			);
			runOnlyForDeploymentPostprocessing = 0;
		};
/* End PBXResourcesBuildPhase section */

/* Begin PBXSourcesBuildPhase section */
		607641C11F31036700097904 /* Sources */ = {
			isa = PBXSourcesBuildPhase;
			buildActionMask = 2147483647;
			files = (
				607641CB1F31036700097904 /* ViewController.swift in Sources */,
				607641C91F31036700097904 /* AppDelegate.swift in Sources */,
			);
			runOnlyForDeploymentPostprocessing = 0;
		};
		607641D51F31036700097904 /* Sources */ = {
			isa = PBXSourcesBuildPhase;
			buildActionMask = 2147483647;
			files = (
				607641DE1F31036700097904 /* Vezba_Git_HubTests.swift in Sources */,
			);
			runOnlyForDeploymentPostprocessing = 0;
		};
		607641E01F31036700097904 /* Sources */ = {
			isa = PBXSourcesBuildPhase;
			buildActionMask = 2147483647;
			files = (
				607641E91F31036700097904 /* Vezba_Git_HubUITests.swift in Sources */,
			);
			runOnlyForDeploymentPostprocessing = 0;
		};
/* End PBXSourcesBuildPhase section */

/* Begin PBXTargetDependency section */
		607641DB1F31036700097904 /* PBXTargetDependency */ = {
			isa = PBXTargetDependency;
			target = 607641C41F31036700097904 /* Vezba Git Hub */;
			targetProxy = 607641DA1F31036700097904 /* PBXContainerItemProxy */;
		};
		607641E61F31036700097904 /* PBXTargetDependency */ = {
			isa = PBXTargetDependency;
			target = 607641C41F31036700097904 /* Vezba Git Hub */;
			targetProxy = 607641E51F31036700097904 /* PBXContainerItemProxy */;
		};
/* End PBXTargetDependency section */

/* Begin PBXVariantGroup section */
		607641CC1F31036700097904 /* Main.storyboard */ = {
			isa = PBXVariantGroup;
			children = (
				607641CD1F31036700097904 /* Base */,
			);
			name = Main.storyboard;
			sourceTree = "<group>";
		};
		607641D11F31036700097904 /* LaunchScreen.storyboard */ = {
			isa = PBXVariantGroup;
			children = (
				607641D21F31036700097904 /* Base */,
			);
			name = LaunchScreen.storyboard;
			sourceTree = "<group>";
		};
/* End PBXVariantGroup section */

/* Begin XCBuildConfiguration section */
		607641EB1F31036700097904 /* Debug */ = {
			isa = XCBuildConfiguration;
			buildSettings = {
				ALWAYS_SEARCH_USER_PATHS = NO;
				CLANG_ANALYZER_NONNULL = YES;
				CLANG_ANALYZER_NUMBER_OBJECT_CONVERSION = YES_AGGRESSIVE;
				CLANG_CXX_LANGUAGE_STANDARD = "gnu++14";
				CLANG_CXX_LIBRARY = "libc++";
				CLANG_ENABLE_MODULES = YES;
				CLANG_ENABLE_OBJC_ARC = YES;
				CLANG_WARN_BLOCK_CAPTURE_AUTORELEASING = YES;
				CLANG_WARN_BOOL_CONVERSION = YES;
				CLANG_WARN_COMMA = YES;
				CLANG_WARN_CONSTANT_CONVERSION = YES;
				CLANG_WARN_DIRECT_OBJC_ISA_USAGE = YES_ERROR;
				CLANG_WARN_DOCUMENTATION_COMMENTS = YES;
				CLANG_WARN_EMPTY_BODY = YES;
				CLANG_WARN_ENUM_CONVERSION = YES;
				CLANG_WARN_INFINITE_RECURSION = YES;
				CLANG_WARN_INT_CONVERSION = YES;
				CLANG_WARN_OBJC_ROOT_CLASS = YES_ERROR;
				CLANG_WARN_RANGE_LOOP_ANALYSIS = YES;
				CLANG_WARN_STRICT_PROTOTYPES = YES;
				CLANG_WARN_SUSPICIOUS_MOVE = YES;
				CLANG_WARN_UNGUARDED_AVAILABILITY = YES_AGGRESSIVE;
				CLANG_WARN_UNREACHABLE_CODE = YES;
				CLANG_WARN__DUPLICATE_METHOD_MATCH = YES;
				CODE_SIGN_IDENTITY = "iPhone Developer";
				COPY_PHASE_STRIP = NO;
				DEBUG_INFORMATION_FORMAT = dwarf;
				ENABLE_STRICT_OBJC_MSGSEND = YES;
				ENABLE_TESTABILITY = YES;
				GCC_C_LANGUAGE_STANDARD = gnu11;
				GCC_DYNAMIC_NO_PIC = NO;
				GCC_NO_COMMON_BLOCKS = YES;
				GCC_OPTIMIZATION_LEVEL = 0;
				GCC_PREPROCESSOR_DEFINITIONS = (
					"DEBUG=1",
					"$(inherited)",
				);
				GCC_WARN_64_TO_32_BIT_CONVERSION = YES;
				GCC_WARN_ABOUT_RETURN_TYPE = YES_ERROR;
				GCC_WARN_UNDECLARED_SELECTOR = YES;
				GCC_WARN_UNINITIALIZED_AUTOS = YES_AGGRESSIVE;
				GCC_WARN_UNUSED_FUNCTION = YES;
				GCC_WARN_UNUSED_VARIABLE = YES;
				IPHONEOS_DEPLOYMENT_TARGET = 11.0;
				MTL_ENABLE_DEBUG_INFO = YES;
				ONLY_ACTIVE_ARCH = YES;
				SDKROOT = iphoneos;
				SWIFT_ACTIVE_COMPILATION_CONDITIONS = DEBUG;
				SWIFT_OPTIMIZATION_LEVEL = "-Onone";
			};
			name = Debug;
		};
		607641EC1F31036700097904 /* Release */ = {
			isa = XCBuildConfiguration;
			buildSettings = {
				ALWAYS_SEARCH_USER_PATHS = NO;
				CLANG_ANALYZER_NONNULL = YES;
				CLANG_ANALYZER_NUMBER_OBJECT_CONVERSION = YES_AGGRESSIVE;
				CLANG_CXX_LANGUAGE_STANDARD = "gnu++14";
				CLANG_CXX_LIBRARY = "libc++";
				CLANG_ENABLE_MODULES = YES;
				CLANG_ENABLE_OBJC_ARC = YES;
				CLANG_WARN_BLOCK_CAPTURE_AUTORELEASING = YES;
				CLANG_WARN_BOOL_CONVERSION = YES;
				CLANG_WARN_COMMA = YES;
				CLANG_WARN_CONSTANT_CONVERSION = YES;
				CLANG_WARN_DIRECT_OBJC_ISA_USAGE = YES_ERROR;
				CLANG_WARN_DOCUMENTATION_COMMENTS = YES;
				CLANG_WARN_EMPTY_BODY = YES;
				CLANG_WARN_ENUM_CONVERSION = YES;
				CLANG_WARN_INFINITE_RECURSION = YES;
				CLANG_WARN_INT_CONVERSION = YES;
				CLANG_WARN_OBJC_ROOT_CLASS = YES_ERROR;
				CLANG_WARN_RANGE_LOOP_ANALYSIS = YES;
				CLANG_WARN_STRICT_PROTOTYPES = YES;
				CLANG_WARN_SUSPICIOUS_MOVE = YES;
				CLANG_WARN_UNGUARDED_AVAILABILITY = YES_AGGRESSIVE;
				CLANG_WARN_UNREACHABLE_CODE = YES;
				CLANG_WARN__DUPLICATE_METHOD_MATCH = YES;
				CODE_SIGN_IDENTITY = "iPhone Developer";
				COPY_PHASE_STRIP = NO;
				DEBUG_INFORMATION_FORMAT = "dwarf-with-dsym";
				ENABLE_NS_ASSERTIONS = NO;
				ENABLE_STRICT_OBJC_MSGSEND = YES;
				GCC_C_LANGUAGE_STANDARD = gnu11;
				GCC_NO_COMMON_BLOCKS = YES;
				GCC_WARN_64_TO_32_BIT_CONVERSION = YES;
				GCC_WARN_ABOUT_RETURN_TYPE = YES_ERROR;
				GCC_WARN_UNDECLARED_SELECTOR = YES;
				GCC_WARN_UNINITIALIZED_AUTOS = YES_AGGRESSIVE;
				GCC_WARN_UNUSED_FUNCTION = YES;
				GCC_WARN_UNUSED_VARIABLE = YES;
				IPHONEOS_DEPLOYMENT_TARGET = 11.0;
				MTL_ENABLE_DEBUG_INFO = NO;
				SDKROOT = iphoneos;
				SWIFT_OPTIMIZATION_LEVEL = "-Owholemodule";
				VALIDATE_PRODUCT = YES;
			};
			name = Release;
		};
		607641EE1F31036700097904 /* Debug */ = {
			isa = XCBuildConfiguration;
			buildSettings = {
				ASSETCATALOG_COMPILER_APPICON_NAME = AppIcon;
				DEVELOPMENT_TEAM = B59299NGGP;
				INFOPLIST_FILE = "Vezba Git Hub/Info.plist";
				LD_RUNPATH_SEARCH_PATHS = "$(inherited) @executable_path/Frameworks";
				PRODUCT_BUNDLE_IDENTIFIER = "company.Vezba-Git-Hub";
				PRODUCT_NAME = "$(TARGET_NAME)";
				SWIFT_VERSION = 4.0;
				TARGETED_DEVICE_FAMILY = "1,2";
			};
			name = Debug;
		};
		607641EF1F31036700097904 /* Release */ = {
			isa = XCBuildConfiguration;
			buildSettings = {
				ASSETCATALOG_COMPILER_APPICON_NAME = AppIcon;
				DEVELOPMENT_TEAM = B59299NGGP;
				INFOPLIST_FILE = "Vezba Git Hub/Info.plist";
				LD_RUNPATH_SEARCH_PATHS = "$(inherited) @executable_path/Frameworks";
				PRODUCT_BUNDLE_IDENTIFIER = "company.Vezba-Git-Hub";
				PRODUCT_NAME = "$(TARGET_NAME)";
				SWIFT_VERSION = 4.0;
				TARGETED_DEVICE_FAMILY = "1,2";
			};
			name = Release;
		};
		607641F11F31036700097904 /* Debug */ = {
			isa = XCBuildConfiguration;
			buildSettings = {
				ALWAYS_EMBED_SWIFT_STANDARD_LIBRARIES = YES;
				BUNDLE_LOADER = "$(TEST_HOST)";
				DEVELOPMENT_TEAM = B59299NGGP;
				INFOPLIST_FILE = "Vezba Git HubTests/Info.plist";
				LD_RUNPATH_SEARCH_PATHS = "$(inherited) @executable_path/Frameworks @loader_path/Frameworks";
				PRODUCT_BUNDLE_IDENTIFIER = "company.Vezba-Git-HubTests";
				PRODUCT_NAME = "$(TARGET_NAME)";
				SWIFT_VERSION = 4.0;
				TARGETED_DEVICE_FAMILY = "1,2";
				TEST_HOST = "$(BUILT_PRODUCTS_DIR)/Vezba Git Hub.app/Vezba Git Hub";
			};
			name = Debug;
		};
		607641F21F31036700097904 /* Release */ = {
			isa = XCBuildConfiguration;
			buildSettings = {
				ALWAYS_EMBED_SWIFT_STANDARD_LIBRARIES = YES;
				BUNDLE_LOADER = "$(TEST_HOST)";
				DEVELOPMENT_TEAM = B59299NGGP;
				INFOPLIST_FILE = "Vezba Git HubTests/Info.plist";
				LD_RUNPATH_SEARCH_PATHS = "$(inherited) @executable_path/Frameworks @loader_path/Frameworks";
				PRODUCT_BUNDLE_IDENTIFIER = "company.Vezba-Git-HubTests";
				PRODUCT_NAME = "$(TARGET_NAME)";
				SWIFT_VERSION = 4.0;
				TARGETED_DEVICE_FAMILY = "1,2";
				TEST_HOST = "$(BUILT_PRODUCTS_DIR)/Vezba Git Hub.app/Vezba Git Hub";
			};
			name = Release;
		};
		607641F41F31036700097904 /* Debug */ = {
			isa = XCBuildConfiguration;
			buildSettings = {
				ALWAYS_EMBED_SWIFT_STANDARD_LIBRARIES = YES;
				DEVELOPMENT_TEAM = B59299NGGP;
				INFOPLIST_FILE = "Vezba Git HubUITests/Info.plist";
				LD_RUNPATH_SEARCH_PATHS = "$(inherited) @executable_path/Frameworks @loader_path/Frameworks";
				PRODUCT_BUNDLE_IDENTIFIER = "company.Vezba-Git-HubUITests";
				PRODUCT_NAME = "$(TARGET_NAME)";
				SWIFT_VERSION = 4.0;
				TARGETED_DEVICE_FAMILY = "1,2";
				TEST_TARGET_NAME = "Vezba Git Hub";
			};
			name = Debug;
		};
		607641F51F31036700097904 /* Release */ = {
			isa = XCBuildConfiguration;
			buildSettings = {
				ALWAYS_EMBED_SWIFT_STANDARD_LIBRARIES = YES;
				DEVELOPMENT_TEAM = B59299NGGP;
				INFOPLIST_FILE = "Vezba Git HubUITests/Info.plist";
				LD_RUNPATH_SEARCH_PATHS = "$(inherited) @executable_path/Frameworks @loader_path/Frameworks";
				PRODUCT_BUNDLE_IDENTIFIER = "company.Vezba-Git-HubUITests";
				PRODUCT_NAME = "$(TARGET_NAME)";
				SWIFT_VERSION = 4.0;
				TARGETED_DEVICE_FAMILY = "1,2";
				TEST_TARGET_NAME = "Vezba Git Hub";
			};
			name = Release;
		};
/* End XCBuildConfiguration section */

/* Begin XCConfigurationList section */
		607641C01F31036700097904 /* Build configuration list for PBXProject "Vezba Git Hub" */ = {
			isa = XCConfigurationList;
			buildConfigurations = (
				607641EB1F31036700097904 /* Debug */,
				607641EC1F31036700097904 /* Release */,
			);
			defaultConfigurationIsVisible = 0;
			defaultConfigurationName = Release;
		};
		607641ED1F31036700097904 /* Build configuration list for PBXNativeTarget "Vezba Git Hub" */ = {
			isa = XCConfigurationList;
			buildConfigurations = (
				607641EE1F31036700097904 /* Debug */,
				607641EF1F31036700097904 /* Release */,
			);
			defaultConfigurationIsVisible = 0;
		};
		607641F01F31036700097904 /* Build configuration list for PBXNativeTarget "Vezba Git HubTests" */ = {
			isa = XCConfigurationList;
			buildConfigurations = (
				607641F11F31036700097904 /* Debug */,
				607641F21F31036700097904 /* Release */,
			);
			defaultConfigurationIsVisible = 0;
		};
		607641F31F31036700097904 /* Build configuration list for PBXNativeTarget "Vezba Git HubUITests" */ = {
			isa = XCConfigurationList;
			buildConfigurations = (
				607641F41F31036700097904 /* Debug */,
				607641F51F31036700097904 /* Release */,
			);
			defaultConfigurationIsVisible = 0;
		};
/* End XCConfigurationList section */
	};
	rootObject = 607641BD1F31036700097904 /* Project object */;
}
